
Microsoft Visual Studio Solution File, Format Version 12.00
# Visual Studio 15
VisualStudioVersion = 15.0.28307.329
MinimumVisualStudioVersion = 10.0.40219.1
Project("{FAE04EC0-301F-11D3-BF4B-00C04F79EFBC}") = "CSharpExamplesOnInheritance", "CSharpExamplesOnInheritance\CSharpExamplesOnInheritance.csproj", "{43EE90BB-E6C6-4DD6-8073-FBCA56FFBAFE}"
EndProject
Global
	GlobalSection(SolutionConfigurationPlatforms) = preSolution
		Debug|Any CPU = Debug|Any CPU
		Release|Any CPU = Release|Any CPU
	EndGlobalSection
	GlobalSection(ProjectConfigurationPlatforms) = postSolution
		{43EE90BB-E6C6-4DD6-8073-FBCA56FFBAFE}.Debug|Any CPU.ActiveCfg = Debug|Any CPU
		{43EE90BB-E6C6-4DD6-8073-FBCA56FFBAFE}.Debug|Any CPU.Build.0 = Debug|Any CPU
		{43EE90BB-E6C6-4DD6-8073-FBCA56FFBAFE}.Release|Any CPU.ActiveCfg = Release|Any CPU
		{43EE90BB-E6C6-4DD6-8073-FBCA56FFBAFE}.Release|Any CPU.Build.0 = Release|Any CPU
	EndGlobalSection
	GlobalSection(SolutionProperties) = preSolution
		HideSolutionNode = FALSE
	EndGlobalSection
	GlobalSection(ExtensibilityGlobals) = postSolution
		SolutionGuid = {4439AA9A-3CA4-4AC7-A063-95681970468A}
	EndGlobalSection
EndGlobal
