
Microsoft Visual Studio Solution File, Format Version 12.00
# Visual Studio 15
VisualStudioVersion = 15.0.28307.329
MinimumVisualStudioVersion = 10.0.40219.1
Project("{FAE04EC0-301F-11D3-BF4B-00C04F79EFBC}") = "CSharpExamplesForUnboxingOptnAndSealedClass", "CSharpExamplesForUnboxingOptnAndSealedClass\CSharpExamplesForUnboxingOptnAndSealedClass.csproj", "{733ABC09-F594-43E7-AE92-93CFCCF6D689}"
EndProject
Global
	GlobalSection(SolutionConfigurationPlatforms) = preSolution
		Debug|Any CPU = Debug|Any CPU
		Release|Any CPU = Release|Any CPU
	EndGlobalSection
	GlobalSection(ProjectConfigurationPlatforms) = postSolution
		{733ABC09-F594-43E7-AE92-93CFCCF6D689}.Debug|Any CPU.ActiveCfg = Debug|Any CPU
		{733ABC09-F594-43E7-AE92-93CFCCF6D689}.Debug|Any CPU.Build.0 = Debug|Any CPU
		{733ABC09-F594-43E7-AE92-93CFCCF6D689}.Release|Any CPU.ActiveCfg = Release|Any CPU
		{733ABC09-F594-43E7-AE92-93CFCCF6D689}.Release|Any CPU.Build.0 = Release|Any CPU
	EndGlobalSection
	GlobalSection(SolutionProperties) = preSolution
		HideSolutionNode = FALSE
	EndGlobalSection
	GlobalSection(ExtensibilityGlobals) = postSolution
		SolutionGuid = {4AA7A029-9537-4F6C-9726-3CA546F63FE7}
	EndGlobalSection
EndGlobal
