
Microsoft Visual Studio Solution File, Format Version 12.00
# Visual Studio 15
VisualStudioVersion = 15.0.28307.329
MinimumVisualStudioVersion = 10.0.40219.1
Project("{FAE04EC0-301F-11D3-BF4B-00C04F79EFBC}") = "CSharpExamplesOnConversions", "CSharpExamplesOnConversions\CSharpExamplesOnConversions.csproj", "{15CF6333-37AB-4C07-BD6B-A29A76711F04}"
EndProject
Global
	GlobalSection(SolutionConfigurationPlatforms) = preSolution
		Debug|Any CPU = Debug|Any CPU
		Release|Any CPU = Release|Any CPU
	EndGlobalSection
	GlobalSection(ProjectConfigurationPlatforms) = postSolution
		{15CF6333-37AB-4C07-BD6B-A29A76711F04}.Debug|Any CPU.ActiveCfg = Debug|Any CPU
		{15CF6333-37AB-4C07-BD6B-A29A76711F04}.Debug|Any CPU.Build.0 = Debug|Any CPU
		{15CF6333-37AB-4C07-BD6B-A29A76711F04}.Release|Any CPU.ActiveCfg = Release|Any CPU
		{15CF6333-37AB-4C07-BD6B-A29A76711F04}.Release|Any CPU.Build.0 = Release|Any CPU
	EndGlobalSection
	GlobalSection(SolutionProperties) = preSolution
		HideSolutionNode = FALSE
	EndGlobalSection
	GlobalSection(ExtensibilityGlobals) = postSolution
		SolutionGuid = {3EA59EF1-F194-4CEE-92E5-EF2C3D01DFE2}
	EndGlobalSection
EndGlobal
