
Microsoft Visual Studio Solution File, Format Version 12.00
# Visual Studio 15
VisualStudioVersion = 15.0.28307.329
MinimumVisualStudioVersion = 10.0.40219.1
Project("{FAE04EC0-301F-11D3-BF4B-00C04F79EFBC}") = "CSharpExamplesForDateFormatAndYears", "CSharpExamplesForDateFormatAndYears\CSharpExamplesForDateFormatAndYears.csproj", "{FC185097-D524-48B4-8909-888B48926E8F}"
EndProject
Global
	GlobalSection(SolutionConfigurationPlatforms) = preSolution
		Debug|Any CPU = Debug|Any CPU
		Release|Any CPU = Release|Any CPU
	EndGlobalSection
	GlobalSection(ProjectConfigurationPlatforms) = postSolution
		{FC185097-D524-48B4-8909-888B48926E8F}.Debug|Any CPU.ActiveCfg = Debug|Any CPU
		{FC185097-D524-48B4-8909-888B48926E8F}.Debug|Any CPU.Build.0 = Debug|Any CPU
		{FC185097-D524-48B4-8909-888B48926E8F}.Release|Any CPU.ActiveCfg = Release|Any CPU
		{FC185097-D524-48B4-8909-888B48926E8F}.Release|Any CPU.Build.0 = Release|Any CPU
	EndGlobalSection
	GlobalSection(SolutionProperties) = preSolution
		HideSolutionNode = FALSE
	EndGlobalSection
	GlobalSection(ExtensibilityGlobals) = postSolution
		SolutionGuid = {2A17DCC5-7C90-449B-A991-1590D2E4E334}
	EndGlobalSection
EndGlobal
